
Microsoft Visual Studio Solution File, Format Version 12.00
# Visual Studio Version 16
VisualStudioVersion = 16.0.31624.102
MinimumVisualStudioVersion = 10.0.40219.1
Project("{FAE04EC0-301F-11D3-BF4B-00C04F79EFBC}") = "OPPSPracticeProblems", "OPPSPracticeProblems\OPPSPracticeProblems.csproj", "{1E1DAB18-D1E0-40DF-BD0A-81B83635C5E3}"
EndProject
Global
	GlobalSection(SolutionConfigurationPlatforms) = preSolution
		Debug|Any CPU = Debug|Any CPU
		Release|Any CPU = Release|Any CPU
	EndGlobalSection
	GlobalSection(ProjectConfigurationPlatforms) = postSolution
		{1E1DAB18-D1E0-40DF-BD0A-81B83635C5E3}.Debug|Any CPU.ActiveCfg = Debug|Any CPU
		{1E1DAB18-D1E0-40DF-BD0A-81B83635C5E3}.Debug|Any CPU.Build.0 = Debug|Any CPU
		{1E1DAB18-D1E0-40DF-BD0A-81B83635C5E3}.Release|Any CPU.ActiveCfg = Release|Any CPU
		{1E1DAB18-D1E0-40DF-BD0A-81B83635C5E3}.Release|Any CPU.Build.0 = Release|Any CPU
	EndGlobalSection
	GlobalSection(SolutionProperties) = preSolution
		HideSolutionNode = FALSE
	EndGlobalSection
	GlobalSection(ExtensibilityGlobals) = postSolution
		SolutionGuid = {89042204-2C7E-4859-ACCF-9EEAFE6331EF}
	EndGlobalSection
EndGlobal
